
Microsoft Visual Studio Solution File, Format Version 12.00
# Visual Studio Version 17
VisualStudioVersion = 17.8.34309.116
MinimumVisualStudioVersion = 10.0.40219.1
Project("{FAE04EC0-301F-11D3-BF4B-00C04F79EFBC}") = "ObserverPattern", "ObserverPattern\ObserverPattern.csproj", "{42EC20DC-34E0-4705-A60B-F1453E00AE39}"
EndProject
Global
	GlobalSection(SolutionConfigurationPlatforms) = preSolution
		Debug|Any CPU = Debug|Any CPU
		Release|Any CPU = Release|Any CPU
	EndGlobalSection
	GlobalSection(ProjectConfigurationPlatforms) = postSolution
		{42EC20DC-34E0-4705-A60B-F1453E00AE39}.Debug|Any CPU.ActiveCfg = Debug|Any CPU
		{42EC20DC-34E0-4705-A60B-F1453E00AE39}.Debug|Any CPU.Build.0 = Debug|Any CPU
		{42EC20DC-34E0-4705-A60B-F1453E00AE39}.Release|Any CPU.ActiveCfg = Release|Any CPU
		{42EC20DC-34E0-4705-A60B-F1453E00AE39}.Release|Any CPU.Build.0 = Release|Any CPU
	EndGlobalSection
	GlobalSection(SolutionProperties) = preSolution
		HideSolutionNode = FALSE
	EndGlobalSection
	GlobalSection(ExtensibilityGlobals) = postSolution
		SolutionGuid = {9CD83AA8-652F-46F4-89BA-A3AA616563B5}
	EndGlobalSection
EndGlobal
